// !$*UTF8*$!
{
	archiveVersion = 1;
	classes = {
	};
	objectVersion = 46;
	objects = {

/* Begin PBXBuildFile section */
		DCFAD5D51B8D6D5700010B70 /* AppDelegate.swift in Sources */ = {isa = PBXBuildFile; fileRef = DCFAD5D41B8D6D5700010B70 /* AppDelegate.swift */; };
		DCFAD5D71B8D6D5700010B70 /* GameScene.sks in Resources */ = {isa = PBXBuildFile; fileRef = DCFAD5D61B8D6D5700010B70 /* GameScene.sks */; };
		DCFAD5D91B8D6D5700010B70 /* GameScene.swift in Sources */ = {isa = PBXBuildFile; fileRef = DCFAD5D81B8D6D5700010B70 /* GameScene.swift */; };
		DCFAD5DB1B8D6D5700010B70 /* GameViewController.swift in Sources */ = {isa = PBXBuildFile; fileRef = DCFAD5DA1B8D6D5700010B70 /* GameViewController.swift */; };
		DCFAD5DE1B8D6D5700010B70 /* Main.storyboard in Resources */ = {isa = PBXBuildFile; fileRef = DCFAD5DC1B8D6D5700010B70 /* Main.storyboard */; };
		DCFAD5E01B8D6D5700010B70 /* Images.xcassets in Resources */ = {isa = PBXBuildFile; fileRef = DCFAD5DF1B8D6D5700010B70 /* Images.xcassets */; };
		DCFAD5E31B8D6D5700010B70 /* LaunchScreen.xib in Resources */ = {isa = PBXBuildFile; fileRef = DCFAD5E11B8D6D5700010B70 /* LaunchScreen.xib */; };
		DCFAD5EF1B8D6D5700010B70 /* flappyBirdCloneTests.swift in Sources */ = {isa = PBXBuildFile; fileRef = DCFAD5EE1B8D6D5700010B70 /* flappyBirdCloneTests.swift */; };
		DCFAD5F91B8D715C00010B70 /* img in Resources */ = {isa = PBXBuildFile; fileRef = DCFAD5F81B8D715C00010B70 /* img */; };
/* End PBXBuildFile section */

/* Begin PBXContainerItemProxy section */
		DCFAD5E91B8D6D5700010B70 /* PBXContainerItemProxy */ = {
			isa = PBXContainerItemProxy;
			containerPortal = DCFAD5C71B8D6D5700010B70 /* Project object */;
			proxyType = 1;
			remoteGlobalIDString = DCFAD5CE1B8D6D5700010B70;
			remoteInfo = flappyBirdClone;
		};
/* End PBXContainerItemProxy section */

/* Begin PBXFileReference section */
		DCFAD5CF1B8D6D5700010B70 /* flappyBirdClone.app */ = {isa = PBXFileReference; explicitFileType = wrapper.application; includeInIndex = 0; path = flappyBirdClone.app; sourceTree = BUILT_PRODUCTS_DIR; };
		DCFAD5D31B8D6D5700010B70 /* Info.plist */ = {isa = PBXFileReference; lastKnownFileType = text.plist.xml; path = Info.plist; sourceTree = "<group>"; };
		DCFAD5D41B8D6D5700010B70 /* AppDelegate.swift */ = {isa = PBXFileReference; lastKnownFileType = sourcecode.swift; path = AppDelegate.swift; sourceTree = "<group>"; };
		DCFAD5D61B8D6D5700010B70 /* GameScene.sks */ = {isa = PBXFileReference; lastKnownFileType = file.sks; path = GameScene.sks; sourceTree = "<group>"; };
		DCFAD5D81B8D6D5700010B70 /* GameScene.swift */ = {isa = PBXFileReference; lastKnownFileType = sourcecode.swift; path = GameScene.swift; sourceTree = "<group>"; };
		DCFAD5DA1B8D6D5700010B70 /* GameViewController.swift */ = {isa = PBXFileReference; lastKnownFileType = sourcecode.swift; path = GameViewController.swift; sourceTree = "<group>"; };
		DCFAD5DD1B8D6D5700010B70 /* Base */ = {isa = PBXFileReference; lastKnownFileType = file.storyboard; name = Base; path = Base.lproj/Main.storyboard; sourceTree = "<group>"; };
		DCFAD5DF1B8D6D5700010B70 /* Images.xcassets */ = {isa = PBXFileReference; lastKnownFileType = folder.assetcatalog; path = Images.xcassets; sourceTree = "<group>"; };
		DCFAD5E21B8D6D5700010B70 /* Base */ = {isa = PBXFileReference; lastKnownFileType = file.xib; name = Base; path = Base.lproj/LaunchScreen.xib; sourceTree = "<group>"; };
		DCFAD5E81B8D6D5700010B70 /* flappyBirdCloneTests.xctest */ = {isa = PBXFileReference; explicitFileType = wrapper.cfbundle; includeInIndex = 0; path = flappyBirdCloneTests.xctest; sourceTree = BUILT_PRODUCTS_DIR; };
		DCFAD5ED1B8D6D5700010B70 /* Info.plist */ = {isa = PBXFileReference; lastKnownFileType = text.plist.xml; path = Info.plist; sourceTree = "<group>"; };
		DCFAD5EE1B8D6D5700010B70 /* flappyBirdCloneTests.swift */ = {isa = PBXFileReference; lastKnownFileType = sourcecode.swift; path = flappyBirdCloneTests.swift; sourceTree = "<group>"; };
		DCFAD5F81B8D715C00010B70 /* img */ = {isa = PBXFileReference; lastKnownFileType = folder; path = img; sourceTree = "<group>"; };
/* End PBXFileReference section */

/* Begin PBXFrameworksBuildPhase section */
		DCFAD5CC1B8D6D5700010B70 /* Frameworks */ = {
			isa = PBXFrameworksBuildPhase;
			buildActionMask = 2147483647;
			files = (
			);
			runOnlyForDeploymentPostprocessing = 0;
		};
		DCFAD5E51B8D6D5700010B70 /* Frameworks */ = {
			isa = PBXFrameworksBuildPhase;
			buildActionMask = 2147483647;
			files = (
			);
			runOnlyForDeploymentPostprocessing = 0;
		};
/* End PBXFrameworksBuildPhase section */

/* Begin PBXGroup section */
		DCFAD5C61B8D6D5700010B70 = {
			isa = PBXGroup;
			children = (
				DCFAD5F81B8D715C00010B70 /* img */,
				DCFAD5D11B8D6D5700010B70 /* flappyBirdClone */,
				DCFAD5EB1B8D6D5700010B70 /* flappyBirdCloneTests */,
				DCFAD5D01B8D6D5700010B70 /* Products */,
			);
			sourceTree = "<group>";
		};
		DCFAD5D01B8D6D5700010B70 /* Products */ = {
			isa = PBXGroup;
			children = (
				DCFAD5CF1B8D6D5700010B70 /* flappyBirdClone.app */,
				DCFAD5E81B8D6D5700010B70 /* flappyBirdCloneTests.xctest */,
			);
			name = Products;
			sourceTree = "<group>";
		};
		DCFAD5D11B8D6D5700010B70 /* flappyBirdClone */ = {
			isa = PBXGroup;
			children = (
				DCFAD5D41B8D6D5700010B70 /* AppDelegate.swift */,
				DCFAD5D61B8D6D5700010B70 /* GameScene.sks */,
				DCFAD5D81B8D6D5700010B70 /* GameScene.swift */,
				DCFAD5DA1B8D6D5700010B70 /* GameViewController.swift */,
				DCFAD5DC1B8D6D5700010B70 /* Main.storyboard */,
				DCFAD5DF1B8D6D5700010B70 /* Images.xcassets */,
				DCFAD5E11B8D6D5700010B70 /* LaunchScreen.xib */,
				DCFAD5D21B8D6D5700010B70 /* Supporting Files */,
			);
			path = flappyBirdClone;
			sourceTree = "<group>";
		};
		DCFAD5D21B8D6D5700010B70 /* Supporting Files */ = {
			isa = PBXGroup;
			children = (
				DCFAD5D31B8D6D5700010B70 /* Info.plist */,
			);
			name = "Supporting Files";
			sourceTree = "<group>";
		};
		DCFAD5EB1B8D6D5700010B70 /* flappyBirdCloneTests */ = {
			isa = PBXGroup;
			children = (
				DCFAD5EE1B8D6D5700010B70 /* flappyBirdCloneTests.swift */,
				DCFAD5EC1B8D6D5700010B70 /* Supporting Files */,
			);
			path = flappyBirdCloneTests;
			sourceTree = "<group>";
		};
		DCFAD5EC1B8D6D5700010B70 /* Supporting Files */ = {
			isa = PBXGroup;
			children = (
				DCFAD5ED1B8D6D5700010B70 /* Info.plist */,
			);
			name = "Supporting Files";
			sourceTree = "<group>";
		};
/* End PBXGroup section */

/* Begin PBXNativeTarget section */
		DCFAD5CE1B8D6D5700010B70 /* flappyBirdClone */ = {
			isa = PBXNativeTarget;
			buildConfigurationList = DCFAD5F21B8D6D5700010B70 /* Build configuration list for PBXNativeTarget "flappyBirdClone" */;
			buildPhases = (
				DCFAD5CB1B8D6D5700010B70 /* Sources */,
				DCFAD5CC1B8D6D5700010B70 /* Frameworks */,
				DCFAD5CD1B8D6D5700010B70 /* Resources */,
			);
			buildRules = (
			);
			dependencies = (
			);
			name = flappyBirdClone;
			productName = flappyBirdClone;
			productReference = DCFAD5CF1B8D6D5700010B70 /* flappyBirdClone.app */;
			productType = "com.apple.product-type.application";
		};
		DCFAD5E71B8D6D5700010B70 /* flappyBirdCloneTests */ = {
			isa = PBXNativeTarget;
			buildConfigurationList = DCFAD5F51B8D6D5700010B70 /* Build configuration list for PBXNativeTarget "flappyBirdCloneTests" */;
			buildPhases = (
				DCFAD5E41B8D6D5700010B70 /* Sources */,
				DCFAD5E51B8D6D5700010B70 /* Frameworks */,
				DCFAD5E61B8D6D5700010B70 /* Resources */,
			);
			buildRules = (
			);
			dependencies = (
				DCFAD5EA1B8D6D5700010B70 /* PBXTargetDependency */,
			);
			name = flappyBirdCloneTests;
			productName = flappyBirdCloneTests;
			productReference = DCFAD5E81B8D6D5700010B70 /* flappyBirdCloneTests.xctest */;
			productType = "com.apple.product-type.bundle.unit-test";
		};
/* End PBXNativeTarget section */

/* Begin PBXProject section */
		DCFAD5C71B8D6D5700010B70 /* Project object */ = {
			isa = PBXProject;
			attributes = {
				LastUpgradeCheck = 0640;
				ORGANIZATIONNAME = "west coast dev";
				TargetAttributes = {
					DCFAD5CE1B8D6D5700010B70 = {
						CreatedOnToolsVersion = 6.4;
					};
					DCFAD5E71B8D6D5700010B70 = {
						CreatedOnToolsVersion = 6.4;
						TestTargetID = DCFAD5CE1B8D6D5700010B70;
					};
				};
			};
			buildConfigurationList = DCFAD5CA1B8D6D5700010B70 /* Build configuration list for PBXProject "flappyBirdClone" */;
			compatibilityVersion = "Xcode 3.2";
			developmentRegion = English;
			hasScannedForEncodings = 0;
			knownRegions = (
				en,
				Base,
			);
			mainGroup = DCFAD5C61B8D6D5700010B70;
			productRefGroup = DCFAD5D01B8D6D5700010B70 /* Products */;
			projectDirPath = "";
			projectRoot = "";
			targets = (
				DCFAD5CE1B8D6D5700010B70 /* flappyBirdClone */,
				DCFAD5E71B8D6D5700010B70 /* flappyBirdCloneTests */,
			);
		};
/* End PBXProject section */

/* Begin PBXResourcesBuildPhase section */
		DCFAD5CD1B8D6D5700010B70 /* Resources */ = {
			isa = PBXResourcesBuildPhase;
			buildActionMask = 2147483647;
			files = (
				DCFAD5F91B8D715C00010B70 /* img in Resources */,
				DCFAD5E31B8D6D5700010B70 /* LaunchScreen.xib in Resources */,
				DCFAD5E01B8D6D5700010B70 /* Images.xcassets in Resources */,
				DCFAD5D71B8D6D5700010B70 /* GameScene.sks in Resources */,
				DCFAD5DE1B8D6D5700010B70 /* Main.storyboard in Resources */,
			);
			runOnlyForDeploymentPostprocessing = 0;
		};
		DCFAD5E61B8D6D5700010B70 /* Resources */ = {
			isa = PBXResourcesBuildPhase;
			buildActionMask = 2147483647;
			files = (
			);
			runOnlyForDeploymentPostprocessing = 0;
		};
/* End PBXResourcesBuildPhase section */

/* Begin PBXSourcesBuildPhase section */
		DCFAD5CB1B8D6D5700010B70 /* Sources */ = {
			isa = PBXSourcesBuildPhase;
			buildActionMask = 2147483647;
			files = (
				DCFAD5D91B8D6D5700010B70 /* GameScene.swift in Sources */,
				DCFAD5DB1B8D6D5700010B70 /* GameViewController.swift in Sources */,
				DCFAD5D51B8D6D5700010B70 /* AppDelegate.swift in Sources */,
			);
			runOnlyForDeploymentPostprocessing = 0;
		};
		DCFAD5E41B8D6D5700010B70 /* Sources */ = {
			isa = PBXSourcesBuildPhase;
			buildActionMask = 2147483647;
			files = (
				DCFAD5EF1B8D6D5700010B70 /* flappyBirdCloneTests.swift in Sources */,
			);
			runOnlyForDeploymentPostprocessing = 0;
		};
/* End PBXSourcesBuildPhase section */

/* Begin PBXTargetDependency section */
		DCFAD5EA1B8D6D5700010B70 /* PBXTargetDependency */ = {
			isa = PBXTargetDependency;
			target = DCFAD5CE1B8D6D5700010B70 /* flappyBirdClone */;
			targetProxy = DCFAD5E91B8D6D5700010B70 /* PBXContainerItemProxy */;
		};
/* End PBXTargetDependency section */

/* Begin PBXVariantGroup section */
		DCFAD5DC1B8D6D5700010B70 /* Main.storyboard */ = {
			isa = PBXVariantGroup;
			children = (
				DCFAD5DD1B8D6D5700010B70 /* Base */,
			);
			name = Main.storyboard;
			sourceTree = "<group>";
		};
		DCFAD5E11B8D6D5700010B70 /* LaunchScreen.xib */ = {
			isa = PBXVariantGroup;
			children = (
				DCFAD5E21B8D6D5700010B70 /* Base */,
			);
			name = LaunchScreen.xib;
			sourceTree = "<group>";
		};
/* End PBXVariantGroup section */

/* Begin XCBuildConfiguration section */
		DCFAD5F01B8D6D5700010B70 /* Debug */ = {
			isa = XCBuildConfiguration;
			buildSettings = {
				ALWAYS_SEARCH_USER_PATHS = NO;
				CLANG_CXX_LANGUAGE_STANDARD = "gnu++0x";
				CLANG_CXX_LIBRARY = "libc++";
				CLANG_ENABLE_MODULES = YES;
				CLANG_ENABLE_OBJC_ARC = YES;
				CLANG_WARN_BOOL_CONVERSION = YES;
				CLANG_WARN_CONSTANT_CONVERSION = YES;
				CLANG_WARN_DIRECT_OBJC_ISA_USAGE = YES_ERROR;
				CLANG_WARN_EMPTY_BODY = YES;
				CLANG_WARN_ENUM_CONVERSION = YES;
				CLANG_WARN_INT_CONVERSION = YES;
				CLANG_WARN_OBJC_ROOT_CLASS = YES_ERROR;
				CLANG_WARN_UNREACHABLE_CODE = YES;
				CLANG_WARN__DUPLICATE_METHOD_MATCH = YES;
				"CODE_SIGN_IDENTITY[sdk=iphoneos*]" = "iPhone Developer";
				COPY_PHASE_STRIP = NO;
				DEBUG_INFORMATION_FORMAT = "dwarf-with-dsym";
				ENABLE_STRICT_OBJC_MSGSEND = YES;
				GCC_C_LANGUAGE_STANDARD = gnu99;
				GCC_DYNAMIC_NO_PIC = NO;
				GCC_NO_COMMON_BLOCKS = YES;
				GCC_OPTIMIZATION_LEVEL = 0;
				GCC_PREPROCESSOR_DEFINITIONS = (
					"DEBUG=1",
					"$(inherited)",
				);
				GCC_SYMBOLS_PRIVATE_EXTERN = NO;
				GCC_WARN_64_TO_32_BIT_CONVERSION = YES;
				GCC_WARN_ABOUT_RETURN_TYPE = YES_ERROR;
				GCC_WARN_UNDECLARED_SELECTOR = YES;
				GCC_WARN_UNINITIALIZED_AUTOS = YES_AGGRESSIVE;
				GCC_WARN_UNUSED_FUNCTION = YES;
				GCC_WARN_UNUSED_VARIABLE = YES;
				IPHONEOS_DEPLOYMENT_TARGET = 8.4;
				MTL_ENABLE_DEBUG_INFO = YES;
				ONLY_ACTIVE_ARCH = YES;
				SDKROOT = iphoneos;
				SWIFT_OPTIMIZATION_LEVEL = "-Onone";
			};
			name = Debug;
		};
		DCFAD5F11B8D6D5700010B70 /* Release */ = {
			isa = XCBuildConfiguration;
			buildSettings = {
				ALWAYS_SEARCH_USER_PATHS = NO;
				CLANG_CXX_LANGUAGE_STANDARD = "gnu++0x";
				CLANG_CXX_LIBRARY = "libc++";
				CLANG_ENABLE_MODULES = YES;
				CLANG_ENABLE_OBJC_ARC = YES;
				CLANG_WARN_BOOL_CONVERSION = YES;
				CLANG_WARN_CONSTANT_CONVERSION = YES;
				CLANG_WARN_DIRECT_OBJC_ISA_USAGE = YES_ERROR;
				CLANG_WARN_EMPTY_BODY = YES;
				CLANG_WARN_ENUM_CONVERSION = YES;
				CLANG_WARN_INT_CONVERSION = YES;
				CLANG_WARN_OBJC_ROOT_CLASS = YES_ERROR;
				CLANG_WARN_UNREACHABLE_CODE = YES;
				CLANG_WARN__DUPLICATE_METHOD_MATCH = YES;
				"CODE_SIGN_IDENTITY[sdk=iphoneos*]" = "iPhone Developer";
				COPY_PHASE_STRIP = NO;
				DEBUG_INFORMATION_FORMAT = "dwarf-with-dsym";
				ENABLE_NS_ASSERTIONS = NO;
				ENABLE_STRICT_OBJC_MSGSEND = YES;
				GCC_C_LANGUAGE_STANDARD = gnu99;
				GCC_NO_COMMON_BLOCKS = YES;
				GCC_WARN_64_TO_32_BIT_CONVERSION = YES;
				GCC_WARN_ABOUT_RETURN_TYPE = YES_ERROR;
				GCC_WARN_UNDECLARED_SELECTOR = YES;
				GCC_WARN_UNINITIALIZED_AUTOS = YES_AGGRESSIVE;
				GCC_WARN_UNUSED_FUNCTION = YES;
				GCC_WARN_UNUSED_VARIABLE = YES;
				IPHONEOS_DEPLOYMENT_TARGET = 8.4;
				MTL_ENABLE_DEBUG_INFO = NO;
				SDKROOT = iphoneos;
				VALIDATE_PRODUCT = YES;
			};
			name = Release;
		};
		DCFAD5F31B8D6D5700010B70 /* Debug */ = {
			isa = XCBuildConfiguration;
			buildSettings = {
				ASSETCATALOG_COMPILER_APPICON_NAME = AppIcon;
				INFOPLIST_FILE = flappyBirdClone/Info.plist;
				LD_RUNPATH_SEARCH_PATHS = "$(inherited) @executable_path/Frameworks";
				PRODUCT_NAME = "$(TARGET_NAME)";
			};
			name = Debug;
		};
		DCFAD5F41B8D6D5700010B70 /* Release */ = {
			isa = XCBuildConfiguration;
			buildSettings = {
				ASSETCATALOG_COMPILER_APPICON_NAME = AppIcon;
				INFOPLIST_FILE = flappyBirdClone/Info.plist;
				LD_RUNPATH_SEARCH_PATHS = "$(inherited) @executable_path/Frameworks";
				PRODUCT_NAME = "$(TARGET_NAME)";
			};
			name = Release;
		};
		DCFAD5F61B8D6D5700010B70 /* Debug */ = {
			isa = XCBuildConfiguration;
			buildSettings = {
				BUNDLE_LOADER = "$(TEST_HOST)";
				FRAMEWORK_SEARCH_PATHS = (
					"$(SDKROOT)/Developer/Library/Frameworks",
					"$(inherited)",
				);
				GCC_PREPROCESSOR_DEFINITIONS = (
					"DEBUG=1",
					"$(inherited)",
				);
				INFOPLIST_FILE = flappyBirdCloneTests/Info.plist;
				LD_RUNPATH_SEARCH_PATHS = "$(inherited) @executable_path/Frameworks @loader_path/Frameworks";
				PRODUCT_NAME = "$(TARGET_NAME)";
				TEST_HOST = "$(BUILT_PRODUCTS_DIR)/flappyBirdClone.app/flappyBirdClone";
			};
			name = Debug;
		};
		DCFAD5F71B8D6D5700010B70 /* Release */ = {
			isa = XCBuildConfiguration;
			buildSettings = {
				BUNDLE_LOADER = "$(TEST_HOST)";
				FRAMEWORK_SEARCH_PATHS = (
					"$(SDKROOT)/Developer/Library/Frameworks",
					"$(inherited)",
				);
				INFOPLIST_FILE = flappyBirdCloneTests/Info.plist;
				LD_RUNPATH_SEARCH_PATHS = "$(inherited) @executable_path/Frameworks @loader_path/Frameworks";
				PRODUCT_NAME = "$(TARGET_NAME)";
				TEST_HOST = "$(BUILT_PRODUCTS_DIR)/flappyBirdClone.app/flappyBirdClone";
			};
			name = Release;
		};
/* End XCBuildConfiguration section */

/* Begin XCConfigurationList section */
		DCFAD5CA1B8D6D5700010B70 /* Build configuration list for PBXProject "flappyBirdClone" */ = {
			isa = XCConfigurationList;
			buildConfigurations = (
				DCFAD5F01B8D6D5700010B70 /* Debug */,
				DCFAD5F11B8D6D5700010B70 /* Release */,
			);
			defaultConfigurationIsVisible = 0;
			defaultConfigurationName = Release;
		};
		DCFAD5F21B8D6D5700010B70 /* Build configuration list for PBXNativeTarget "flappyBirdClone" */ = {
			isa = XCConfigurationList;
			buildConfigurations = (
				DCFAD5F31B8D6D5700010B70 /* Debug */,
				DCFAD5F41B8D6D5700010B70 /* Release */,
			);
			defaultConfigurationIsVisible = 0;
			defaultConfigurationName = Release;
		};
		DCFAD5F51B8D6D5700010B70 /* Build configuration list for PBXNativeTarget "flappyBirdCloneTests" */ = {
			isa = XCConfigurationList;
			buildConfigurations = (
				DCFAD5F61B8D6D5700010B70 /* Debug */,
				DCFAD5F71B8D6D5700010B70 /* Release */,
			);
			defaultConfigurationIsVisible = 0;
			defaultConfigurationName = Release;
		};
/* End XCConfigurationList section */
	};
	rootObject = DCFAD5C71B8D6D5700010B70 /* Project object */;
}
